
Microsoft Visual Studio Solution File, Format Version 12.00
# Visual Studio Version 16
VisualStudioVersion = 16.0.33529.622
MinimumVisualStudioVersion = 10.0.40219.1
Project("{8BC9CEB8-8B4A-11D0-8D11-00A0C91BC942}") = "ArcadeApp", "ArcadeApp\ArcadeApp.vcxproj", "{AF702E7A-E4CB-4B2B-93DB-AC8F3F37677D}"
EndProject
Global
	GlobalSection(SolutionConfigurationPlatforms) = preSolution
		Debug|x64 = Debug|x64
		Debug|x86 = Debug|x86
		Release|x64 = Release|x64
		Release|x86 = Release|x86
	EndGlobalSection
	GlobalSection(ProjectConfigurationPlatforms) = postSolution
		{AF702E7A-E4CB-4B2B-93DB-AC8F3F37677D}.Debug|x64.ActiveCfg = Debug|x64
		{AF702E7A-E4CB-4B2B-93DB-AC8F3F37677D}.Debug|x64.Build.0 = Debug|x64
		{AF702E7A-E4CB-4B2B-93DB-AC8F3F37677D}.Debug|x86.ActiveCfg = Debug|Win32
		{AF702E7A-E4CB-4B2B-93DB-AC8F3F37677D}.Debug|x86.Build.0 = Debug|Win32
		{AF702E7A-E4CB-4B2B-93DB-AC8F3F37677D}.Release|x64.ActiveCfg = Release|x64
		{AF702E7A-E4CB-4B2B-93DB-AC8F3F37677D}.Release|x64.Build.0 = Release|x64
		{AF702E7A-E4CB-4B2B-93DB-AC8F3F37677D}.Release|x86.ActiveCfg = Release|Win32
		{AF702E7A-E4CB-4B2B-93DB-AC8F3F37677D}.Release|x86.Build.0 = Release|Win32
	EndGlobalSection
	GlobalSection(SolutionProperties) = preSolution
		HideSolutionNode = FALSE
	EndGlobalSection
	GlobalSection(ExtensibilityGlobals) = postSolution
		SolutionGuid = {6A6ACDCE-4805-4127-BA3C-6BC5C4C4407E}
	EndGlobalSection
EndGlobal
